
Microsoft Visual Studio Solution File, Format Version 12.00
# Visual Studio Version 17
VisualStudioVersion = 17.11.35327.3
MinimumVisualStudioVersion = 10.0.40219.1
Project("{FAE04EC0-301F-11D3-BF4B-00C04F79EFBC}") = "Zori's Modbus Tools", "Zori's Modbus Tools.csproj", "{47A399D3-30C1-4EF4-9E94-F3518919A59C}"
EndProject
Global
	GlobalSection(SolutionConfigurationPlatforms) = preSolution
		Debug|Any CPU = Debug|Any CPU
		Release|Any CPU = Release|Any CPU
	EndGlobalSection
	GlobalSection(ProjectConfigurationPlatforms) = postSolution
		{47A399D3-30C1-4EF4-9E94-F3518919A59C}.Debug|Any CPU.ActiveCfg = Debug|Any CPU
		{47A399D3-30C1-4EF4-9E94-F3518919A59C}.Debug|Any CPU.Build.0 = Debug|Any CPU
		{47A399D3-30C1-4EF4-9E94-F3518919A59C}.Release|Any CPU.ActiveCfg = Release|Any CPU
		{47A399D3-30C1-4EF4-9E94-F3518919A59C}.Release|Any CPU.Build.0 = Release|Any CPU
	EndGlobalSection
	GlobalSection(SolutionProperties) = preSolution
		HideSolutionNode = FALSE
	EndGlobalSection
	GlobalSection(ExtensibilityGlobals) = postSolution
		SolutionGuid = {0E1BD686-7D89-4CE2-B2A0-B82DDB9008DE}
	EndGlobalSection
EndGlobal
